// !$*UTF8*$!
{
	archiveVersion = 1;
	classes = {
	};
	objectVersion = 46;
	objects = {

/* Begin PBXBuildFile section */
		404948A75EF559A68F9349F0 /* libPods-CSGOConfigs.a in Frameworks */ = {isa = PBXBuildFile; fileRef = CB5EC4207C582A5EB77824E1 /* libPods-CSGOConfigs.a */; };
		A618AD081EBD0C3A00AF6E1D /* AppDelegate.m in Sources */ = {isa = PBXBuildFile; fileRef = A618ACE11EBD0C3A00AF6E1D /* AppDelegate.m */; };
		A618AD091EBD0C3A00AF6E1D /* CCCoreDataService.m in Sources */ = {isa = PBXBuildFile; fileRef = A618ACE81EBD0C3A00AF6E1D /* CCCoreDataService.m */; };
		A618AD0A1EBD0C3A00AF6E1D /* CSGOConfigs.xcdatamodeld in Sources */ = {isa = PBXBuildFile; fileRef = A618ACE91EBD0C3A00AF6E1D /* CSGOConfigs.xcdatamodeld */; };
		A618AD0B1EBD0C3A00AF6E1D /* CCParentViewController.m in Sources */ = {isa = PBXBuildFile; fileRef = A618ACF01EBD0C3A00AF6E1D /* CCParentViewController.m */; };
		A618AD0C1EBD0C3A00AF6E1D /* LaunchScreen.storyboard in Resources */ = {isa = PBXBuildFile; fileRef = A618ACF21EBD0C3A00AF6E1D /* LaunchScreen.storyboard */; };
		A618AD0D1EBD0C3B00AF6E1D /* CCPlayersPresenter.m in Sources */ = {isa = PBXBuildFile; fileRef = A618ACFB1EBD0C3A00AF6E1D /* CCPlayersPresenter.m */; };
		A618AD0E1EBD0C3B00AF6E1D /* CCPlayersRouter.m in Sources */ = {isa = PBXBuildFile; fileRef = A618ACFE1EBD0C3A00AF6E1D /* CCPlayersRouter.m */; };
		A618AD0F1EBD0C3B00AF6E1D /* CCPlayersViewController.m in Sources */ = {isa = PBXBuildFile; fileRef = A618AD021EBD0C3A00AF6E1D /* CCPlayersViewController.m */; };
		A618AD101EBD0C3B00AF6E1D /* CCSideMenuViewController.m in Sources */ = {isa = PBXBuildFile; fileRef = A618AD071EBD0C3A00AF6E1D /* CCSideMenuViewController.m */; };
		A618AD141EBD0C7D00AF6E1D /* CCSideMenuPresenter.m in Sources */ = {isa = PBXBuildFile; fileRef = A618AD131EBD0C7D00AF6E1D /* CCSideMenuPresenter.m */; };
		A618AD181EBD0C9700AF6E1D /* CCSideMenuRouter.m in Sources */ = {isa = PBXBuildFile; fileRef = A618AD171EBD0C9700AF6E1D /* CCSideMenuRouter.m */; };
		A642CB1D1EBA491B00BFD470 /* CSGOConfigsTests.m in Sources */ = {isa = PBXBuildFile; fileRef = A642CB1C1EBA491B00BFD470 /* CSGOConfigsTests.m */; };
		A642CB431EBA4C5100BFD470 /* Info.plist in Resources */ = {isa = PBXBuildFile; fileRef = A642CB3B1EBA4C5100BFD470 /* Info.plist */; };
		A642CB441EBA4C5100BFD470 /* main.m in Sources */ = {isa = PBXBuildFile; fileRef = A642CB3C1EBA4C5100BFD470 /* main.m */; };
		A642CB451EBA4C5100BFD470 /* Assets.xcassets in Resources */ = {isa = PBXBuildFile; fileRef = A642CB3F1EBA4C5100BFD470 /* Assets.xcassets */; };
/* End PBXBuildFile section */

/* Begin PBXContainerItemProxy section */
		A642CB191EBA491B00BFD470 /* PBXContainerItemProxy */ = {
			isa = PBXContainerItemProxy;
			containerPortal = A642CAF41EBA491A00BFD470 /* Project object */;
			proxyType = 1;
			remoteGlobalIDString = A642CAFB1EBA491A00BFD470;
			remoteInfo = CSGOConfigs;
		};
/* End PBXContainerItemProxy section */

/* Begin PBXFileReference section */
		2DECB3A2F0C8EE77851075B8 /* Pods-CSGOConfigs.release.xcconfig */ = {isa = PBXFileReference; includeInIndex = 1; lastKnownFileType = text.xcconfig; name = "Pods-CSGOConfigs.release.xcconfig"; path = "Pods/Target Support Files/Pods-CSGOConfigs/Pods-CSGOConfigs.release.xcconfig"; sourceTree = "<group>"; };
		80CC47E941882B41B55784CE /* Pods-CSGOConfigs.debug.xcconfig */ = {isa = PBXFileReference; includeInIndex = 1; lastKnownFileType = text.xcconfig; name = "Pods-CSGOConfigs.debug.xcconfig"; path = "Pods/Target Support Files/Pods-CSGOConfigs/Pods-CSGOConfigs.debug.xcconfig"; sourceTree = "<group>"; };
		A618ACE01EBD0C3A00AF6E1D /* AppDelegate.h */ = {isa = PBXFileReference; fileEncoding = 4; lastKnownFileType = sourcecode.c.h; path = AppDelegate.h; sourceTree = "<group>"; };
		A618ACE11EBD0C3A00AF6E1D /* AppDelegate.m */ = {isa = PBXFileReference; fileEncoding = 4; lastKnownFileType = sourcecode.c.objc; path = AppDelegate.m; sourceTree = "<group>"; };
		A618ACE61EBD0C3A00AF6E1D /* CCCoreDataProtocol.h */ = {isa = PBXFileReference; fileEncoding = 4; lastKnownFileType = sourcecode.c.h; path = CCCoreDataProtocol.h; sourceTree = "<group>"; };
		A618ACE71EBD0C3A00AF6E1D /* CCCoreDataService.h */ = {isa = PBXFileReference; fileEncoding = 4; lastKnownFileType = sourcecode.c.h; path = CCCoreDataService.h; sourceTree = "<group>"; };
		A618ACE81EBD0C3A00AF6E1D /* CCCoreDataService.m */ = {isa = PBXFileReference; fileEncoding = 4; lastKnownFileType = sourcecode.c.objc; path = CCCoreDataService.m; sourceTree = "<group>"; };
		A618ACEA1EBD0C3A00AF6E1D /* CSGOConfigs.xcdatamodel */ = {isa = PBXFileReference; lastKnownFileType = wrapper.xcdatamodel; path = CSGOConfigs.xcdatamodel; sourceTree = "<group>"; };
		A618ACEF1EBD0C3A00AF6E1D /* CCParentViewController.h */ = {isa = PBXFileReference; fileEncoding = 4; lastKnownFileType = sourcecode.c.h; path = CCParentViewController.h; sourceTree = "<group>"; };
		A618ACF01EBD0C3A00AF6E1D /* CCParentViewController.m */ = {isa = PBXFileReference; fileEncoding = 4; lastKnownFileType = sourcecode.c.objc; path = CCParentViewController.m; sourceTree = "<group>"; };
		A618ACF11EBD0C3A00AF6E1D /* CCParentViewProtocol.h */ = {isa = PBXFileReference; fileEncoding = 4; lastKnownFileType = sourcecode.c.h; path = CCParentViewProtocol.h; sourceTree = "<group>"; };
		A618ACF21EBD0C3A00AF6E1D /* LaunchScreen.storyboard */ = {isa = PBXFileReference; fileEncoding = 4; lastKnownFileType = file.storyboard; path = LaunchScreen.storyboard; sourceTree = "<group>"; };
		A618ACFA1EBD0C3A00AF6E1D /* CCPlayersPresenter.h */ = {isa = PBXFileReference; fileEncoding = 4; lastKnownFileType = sourcecode.c.h; path = CCPlayersPresenter.h; sourceTree = "<group>"; };
		A618ACFB1EBD0C3A00AF6E1D /* CCPlayersPresenter.m */ = {isa = PBXFileReference; fileEncoding = 4; lastKnownFileType = sourcecode.c.objc; path = CCPlayersPresenter.m; sourceTree = "<group>"; };
		A618ACFD1EBD0C3A00AF6E1D /* CCPlayersRouter.h */ = {isa = PBXFileReference; fileEncoding = 4; lastKnownFileType = sourcecode.c.h; path = CCPlayersRouter.h; sourceTree = "<group>"; };
		A618ACFE1EBD0C3A00AF6E1D /* CCPlayersRouter.m */ = {isa = PBXFileReference; fileEncoding = 4; lastKnownFileType = sourcecode.c.objc; path = CCPlayersRouter.m; sourceTree = "<group>"; };
		A618ACFF1EBD0C3A00AF6E1D /* CCPlayersRouterProtocol.h */ = {isa = PBXFileReference; fileEncoding = 4; lastKnownFileType = sourcecode.c.h; path = CCPlayersRouterProtocol.h; sourceTree = "<group>"; };
		A618AD011EBD0C3A00AF6E1D /* CCPlayersViewController.h */ = {isa = PBXFileReference; fileEncoding = 4; lastKnownFileType = sourcecode.c.h; path = CCPlayersViewController.h; sourceTree = "<group>"; };
		A618AD021EBD0C3A00AF6E1D /* CCPlayersViewController.m */ = {isa = PBXFileReference; fileEncoding = 4; lastKnownFileType = sourcecode.c.objc; path = CCPlayersViewController.m; sourceTree = "<group>"; };
		A618AD031EBD0C3A00AF6E1D /* CCPlayersViewProtocol.h */ = {isa = PBXFileReference; fileEncoding = 4; lastKnownFileType = sourcecode.c.h; path = CCPlayersViewProtocol.h; sourceTree = "<group>"; };
		A618AD061EBD0C3A00AF6E1D /* CCSideMenuViewController.h */ = {isa = PBXFileReference; fileEncoding = 4; lastKnownFileType = sourcecode.c.h; path = CCSideMenuViewController.h; sourceTree = "<group>"; };
		A618AD071EBD0C3A00AF6E1D /* CCSideMenuViewController.m */ = {isa = PBXFileReference; fileEncoding = 4; lastKnownFileType = sourcecode.c.objc; path = CCSideMenuViewController.m; sourceTree = "<group>"; };
		A618AD121EBD0C7D00AF6E1D /* CCSideMenuPresenter.h */ = {isa = PBXFileReference; fileEncoding = 4; lastKnownFileType = sourcecode.c.h; name = CCSideMenuPresenter.h; path = SideMenuPresenter/CCSideMenuPresenter.h; sourceTree = "<group>"; };
		A618AD131EBD0C7D00AF6E1D /* CCSideMenuPresenter.m */ = {isa = PBXFileReference; fileEncoding = 4; lastKnownFileType = sourcecode.c.objc; name = CCSideMenuPresenter.m; path = SideMenuPresenter/CCSideMenuPresenter.m; sourceTree = "<group>"; };
		A618AD161EBD0C9700AF6E1D /* CCSideMenuRouter.h */ = {isa = PBXFileReference; fileEncoding = 4; lastKnownFileType = sourcecode.c.h; name = CCSideMenuRouter.h; path = SideMenuRouter/CCSideMenuRouter.h; sourceTree = "<group>"; };
		A618AD171EBD0C9700AF6E1D /* CCSideMenuRouter.m */ = {isa = PBXFileReference; fileEncoding = 4; lastKnownFileType = sourcecode.c.objc; name = CCSideMenuRouter.m; path = SideMenuRouter/CCSideMenuRouter.m; sourceTree = "<group>"; };
		A618AD191EBD0CC300AF6E1D /* CCSideMenuViewProtocol.h */ = {isa = PBXFileReference; fileEncoding = 4; lastKnownFileType = sourcecode.c.h; path = CCSideMenuViewProtocol.h; sourceTree = "<group>"; };
		A618AD1A1EBD0CDA00AF6E1D /* CCSideMenuRouterProtocol.h */ = {isa = PBXFileReference; fileEncoding = 4; lastKnownFileType = sourcecode.c.h; name = CCSideMenuRouterProtocol.h; path = SideMenuRouter/CCSideMenuRouterProtocol.h; sourceTree = "<group>"; };
		A642CAFC1EBA491B00BFD470 /* CSGOConfigs.app */ = {isa = PBXFileReference; explicitFileType = wrapper.application; includeInIndex = 0; path = CSGOConfigs.app; sourceTree = BUILT_PRODUCTS_DIR; };
		A642CB181EBA491B00BFD470 /* CSGOConfigsTests.xctest */ = {isa = PBXFileReference; explicitFileType = wrapper.cfbundle; includeInIndex = 0; path = CSGOConfigsTests.xctest; sourceTree = BUILT_PRODUCTS_DIR; };
		A642CB1C1EBA491B00BFD470 /* CSGOConfigsTests.m */ = {isa = PBXFileReference; lastKnownFileType = sourcecode.c.objc; path = CSGOConfigsTests.m; sourceTree = "<group>"; };
		A642CB1E1EBA491B00BFD470 /* Info.plist */ = {isa = PBXFileReference; lastKnownFileType = text.plist.xml; path = Info.plist; sourceTree = "<group>"; };
		A642CB3B1EBA4C5100BFD470 /* Info.plist */ = {isa = PBXFileReference; fileEncoding = 4; lastKnownFileType = text.plist.xml; path = Info.plist; sourceTree = "<group>"; };
		A642CB3C1EBA4C5100BFD470 /* main.m */ = {isa = PBXFileReference; fileEncoding = 4; lastKnownFileType = sourcecode.c.objc; path = main.m; sourceTree = "<group>"; };
		A642CB3F1EBA4C5100BFD470 /* Assets.xcassets */ = {isa = PBXFileReference; lastKnownFileType = folder.assetcatalog; path = Assets.xcassets; sourceTree = "<group>"; };
		CB5EC4207C582A5EB77824E1 /* libPods-CSGOConfigs.a */ = {isa = PBXFileReference; explicitFileType = archive.ar; includeInIndex = 0; path = "libPods-CSGOConfigs.a"; sourceTree = BUILT_PRODUCTS_DIR; };
/* End PBXFileReference section */

/* Begin PBXFrameworksBuildPhase section */
		A642CAF91EBA491A00BFD470 /* Frameworks */ = {
			isa = PBXFrameworksBuildPhase;
			buildActionMask = 2147483647;
			files = (
				404948A75EF559A68F9349F0 /* libPods-CSGOConfigs.a in Frameworks */,
			);
			runOnlyForDeploymentPostprocessing = 0;
		};
		A642CB151EBA491B00BFD470 /* Frameworks */ = {
			isa = PBXFrameworksBuildPhase;
			buildActionMask = 2147483647;
			files = (
			);
			runOnlyForDeploymentPostprocessing = 0;
		};
/* End PBXFrameworksBuildPhase section */

/* Begin PBXGroup section */
		02A51A97A93019F653C26F0B /* Pods */ = {
			isa = PBXGroup;
			children = (
				80CC47E941882B41B55784CE /* Pods-CSGOConfigs.debug.xcconfig */,
				2DECB3A2F0C8EE77851075B8 /* Pods-CSGOConfigs.release.xcconfig */,
			);
			name = Pods;
			sourceTree = "<group>";
		};
		A618ACDE1EBD0C3A00AF6E1D /* Sources */ = {
			isa = PBXGroup;
			children = (
				A618ACDF1EBD0C3A00AF6E1D /* AppDelegate */,
				A618ACE21EBD0C3A00AF6E1D /* Categories */,
				A618ACE31EBD0C3A00AF6E1D /* Core */,
				A618ACEB1EBD0C3A00AF6E1D /* Libaries */,
				A618ACEC1EBD0C3A00AF6E1D /* Screens */,
			);
			path = Sources;
			sourceTree = "<group>";
		};
		A618ACDF1EBD0C3A00AF6E1D /* AppDelegate */ = {
			isa = PBXGroup;
			children = (
				A618ACE01EBD0C3A00AF6E1D /* AppDelegate.h */,
				A618ACE11EBD0C3A00AF6E1D /* AppDelegate.m */,
			);
			path = AppDelegate;
			sourceTree = "<group>";
		};
		A618ACE21EBD0C3A00AF6E1D /* Categories */ = {
			isa = PBXGroup;
			children = (
			);
			path = Categories;
			sourceTree = "<group>";
		};
		A618ACE31EBD0C3A00AF6E1D /* Core */ = {
			isa = PBXGroup;
			children = (
				A618ACE41EBD0C3A00AF6E1D /* Services */,
			);
			path = Core;
			sourceTree = "<group>";
		};
		A618ACE41EBD0C3A00AF6E1D /* Services */ = {
			isa = PBXGroup;
			children = (
				A618ACE51EBD0C3A00AF6E1D /* CoreDataService */,
				A618ACE91EBD0C3A00AF6E1D /* CSGOConfigs.xcdatamodeld */,
			);
			path = Services;
			sourceTree = "<group>";
		};
		A618ACE51EBD0C3A00AF6E1D /* CoreDataService */ = {
			isa = PBXGroup;
			children = (
				A618ACE61EBD0C3A00AF6E1D /* CCCoreDataProtocol.h */,
				A618ACE71EBD0C3A00AF6E1D /* CCCoreDataService.h */,
				A618ACE81EBD0C3A00AF6E1D /* CCCoreDataService.m */,
			);
			path = CoreDataService;
			sourceTree = "<group>";
		};
		A618ACEB1EBD0C3A00AF6E1D /* Libaries */ = {
			isa = PBXGroup;
			children = (
			);
			path = Libaries;
			sourceTree = "<group>";
		};
		A618ACEC1EBD0C3A00AF6E1D /* Screens */ = {
			isa = PBXGroup;
			children = (
				A618ACF81EBD0C3A00AF6E1D /* Players */,
				A618AD041EBD0C3A00AF6E1D /* SideMenu */,
				A618ACED1EBD0C3A00AF6E1D /* CustomViews */,
				A618ACF31EBD0C3A00AF6E1D /* Models */,
			);
			path = Screens;
			sourceTree = "<group>";
		};
		A618ACED1EBD0C3A00AF6E1D /* CustomViews */ = {
			isa = PBXGroup;
			children = (
				A618ACEE1EBD0C3A00AF6E1D /* CCParentViewController */,
				A618ACF21EBD0C3A00AF6E1D /* LaunchScreen.storyboard */,
			);
			path = CustomViews;
			sourceTree = "<group>";
		};
		A618ACEE1EBD0C3A00AF6E1D /* CCParentViewController */ = {
			isa = PBXGroup;
			children = (
				A618ACEF1EBD0C3A00AF6E1D /* CCParentViewController.h */,
				A618ACF01EBD0C3A00AF6E1D /* CCParentViewController.m */,
				A618ACF11EBD0C3A00AF6E1D /* CCParentViewProtocol.h */,
			);
			path = CCParentViewController;
			sourceTree = "<group>";
		};
		A618ACF31EBD0C3A00AF6E1D /* Models */ = {
			isa = PBXGroup;
			children = (
				A618ACF41EBD0C3A00AF6E1D /* BaseModels */,
				A618ACF51EBD0C3A00AF6E1D /* CoreDataModels */,
				A618ACF61EBD0C3A00AF6E1D /* ServerModels */,
				A618ACF71EBD0C3A00AF6E1D /* ViewModels */,
			);
			path = Models;
			sourceTree = "<group>";
		};
		A618ACF41EBD0C3A00AF6E1D /* BaseModels */ = {
			isa = PBXGroup;
			children = (
			);
			path = BaseModels;
			sourceTree = "<group>";
		};
		A618ACF51EBD0C3A00AF6E1D /* CoreDataModels */ = {
			isa = PBXGroup;
			children = (
			);
			path = CoreDataModels;
			sourceTree = "<group>";
		};
		A618ACF61EBD0C3A00AF6E1D /* ServerModels */ = {
			isa = PBXGroup;
			children = (
			);
			path = ServerModels;
			sourceTree = "<group>";
		};
		A618ACF71EBD0C3A00AF6E1D /* ViewModels */ = {
			isa = PBXGroup;
			children = (
			);
			path = ViewModels;
			sourceTree = "<group>";
		};
		A618ACF81EBD0C3A00AF6E1D /* Players */ = {
			isa = PBXGroup;
			children = (
				A618ACF91EBD0C3A00AF6E1D /* PlayersPresenter */,
				A618ACFC1EBD0C3A00AF6E1D /* PlayersRouter */,
				A618AD001EBD0C3A00AF6E1D /* PlayersViewController */,
			);
			path = Players;
			sourceTree = "<group>";
		};
		A618ACF91EBD0C3A00AF6E1D /* PlayersPresenter */ = {
			isa = PBXGroup;
			children = (
				A618ACFA1EBD0C3A00AF6E1D /* CCPlayersPresenter.h */,
				A618ACFB1EBD0C3A00AF6E1D /* CCPlayersPresenter.m */,
			);
			path = PlayersPresenter;
			sourceTree = "<group>";
		};
		A618ACFC1EBD0C3A00AF6E1D /* PlayersRouter */ = {
			isa = PBXGroup;
			children = (
				A618ACFD1EBD0C3A00AF6E1D /* CCPlayersRouter.h */,
				A618ACFE1EBD0C3A00AF6E1D /* CCPlayersRouter.m */,
				A618ACFF1EBD0C3A00AF6E1D /* CCPlayersRouterProtocol.h */,
			);
			path = PlayersRouter;
			sourceTree = "<group>";
		};
		A618AD001EBD0C3A00AF6E1D /* PlayersViewController */ = {
			isa = PBXGroup;
			children = (
				A618AD031EBD0C3A00AF6E1D /* CCPlayersViewProtocol.h */,
				A618AD011EBD0C3A00AF6E1D /* CCPlayersViewController.h */,
				A618AD021EBD0C3A00AF6E1D /* CCPlayersViewController.m */,
			);
			path = PlayersViewController;
			sourceTree = "<group>";
		};
		A618AD041EBD0C3A00AF6E1D /* SideMenu */ = {
			isa = PBXGroup;
			children = (
				A618AD151EBD0C8100AF6E1D /* SideMenuRouter */,
				A618AD111EBD0C6300AF6E1D /* SideMenuPresenter */,
				A618AD051EBD0C3A00AF6E1D /* SideMenuViewController */,
			);
			path = SideMenu;
			sourceTree = "<group>";
		};
		A618AD051EBD0C3A00AF6E1D /* SideMenuViewController */ = {
			isa = PBXGroup;
			children = (
				A618AD191EBD0CC300AF6E1D /* CCSideMenuViewProtocol.h */,
				A618AD061EBD0C3A00AF6E1D /* CCSideMenuViewController.h */,
				A618AD071EBD0C3A00AF6E1D /* CCSideMenuViewController.m */,
			);
			path = SideMenuViewController;
			sourceTree = "<group>";
		};
		A618AD111EBD0C6300AF6E1D /* SideMenuPresenter */ = {
			isa = PBXGroup;
			children = (
				A618AD121EBD0C7D00AF6E1D /* CCSideMenuPresenter.h */,
				A618AD131EBD0C7D00AF6E1D /* CCSideMenuPresenter.m */,
			);
			name = SideMenuPresenter;
			sourceTree = "<group>";
		};
		A618AD151EBD0C8100AF6E1D /* SideMenuRouter */ = {
			isa = PBXGroup;
			children = (
				A618AD1A1EBD0CDA00AF6E1D /* CCSideMenuRouterProtocol.h */,
				A618AD161EBD0C9700AF6E1D /* CCSideMenuRouter.h */,
				A618AD171EBD0C9700AF6E1D /* CCSideMenuRouter.m */,
			);
			name = SideMenuRouter;
			sourceTree = "<group>";
		};
		A642CAF31EBA491A00BFD470 = {
			isa = PBXGroup;
			children = (
				A642CB271EBA4C5100BFD470 /* CSGOConfigs */,
				A642CB1B1EBA491B00BFD470 /* CSGOConfigsTests */,
				A642CAFD1EBA491B00BFD470 /* Products */,
				02A51A97A93019F653C26F0B /* Pods */,
				ACEA3C65C96204B66BE1FB59 /* Frameworks */,
			);
			sourceTree = "<group>";
		};
		A642CAFD1EBA491B00BFD470 /* Products */ = {
			isa = PBXGroup;
			children = (
				A642CAFC1EBA491B00BFD470 /* CSGOConfigs.app */,
				A642CB181EBA491B00BFD470 /* CSGOConfigsTests.xctest */,
			);
			name = Products;
			sourceTree = "<group>";
		};
		A642CB1B1EBA491B00BFD470 /* CSGOConfigsTests */ = {
			isa = PBXGroup;
			children = (
				A642CB1C1EBA491B00BFD470 /* CSGOConfigsTests.m */,
				A642CB1E1EBA491B00BFD470 /* Info.plist */,
			);
			path = CSGOConfigsTests;
			sourceTree = "<group>";
		};
		A642CB271EBA4C5100BFD470 /* CSGOConfigs */ = {
			isa = PBXGroup;
			children = (
				A618ACDE1EBD0C3A00AF6E1D /* Sources */,
				A642CB3A1EBA4C5100BFD470 /* Supporting Files */,
			);
			path = CSGOConfigs;
			sourceTree = "<group>";
		};
		A642CB3A1EBA4C5100BFD470 /* Supporting Files */ = {
			isa = PBXGroup;
			children = (
				A642CB3B1EBA4C5100BFD470 /* Info.plist */,
				A642CB3C1EBA4C5100BFD470 /* main.m */,
				A642CB3D1EBA4C5100BFD470 /* Resources */,
			);
			path = "Supporting Files";
			sourceTree = "<group>";
		};
		A642CB3D1EBA4C5100BFD470 /* Resources */ = {
			isa = PBXGroup;
			children = (
				A642CB3E1EBA4C5100BFD470 /* Images */,
			);
			path = Resources;
			sourceTree = "<group>";
		};
		A642CB3E1EBA4C5100BFD470 /* Images */ = {
			isa = PBXGroup;
			children = (
				A642CB3F1EBA4C5100BFD470 /* Assets.xcassets */,
			);
			path = Images;
			sourceTree = "<group>";
		};
		ACEA3C65C96204B66BE1FB59 /* Frameworks */ = {
			isa = PBXGroup;
			children = (
				CB5EC4207C582A5EB77824E1 /* libPods-CSGOConfigs.a */,
			);
			name = Frameworks;
			sourceTree = "<group>";
		};
/* End PBXGroup section */

/* Begin PBXNativeTarget section */
		A642CAFB1EBA491A00BFD470 /* CSGOConfigs */ = {
			isa = PBXNativeTarget;
			buildConfigurationList = A642CB211EBA491B00BFD470 /* Build configuration list for PBXNativeTarget "CSGOConfigs" */;
			buildPhases = (
				DCE9116B47B4AC87A6FD479F /* [CP] Check Pods Manifest.lock */,
				A642CAF81EBA491A00BFD470 /* Sources */,
				A642CAF91EBA491A00BFD470 /* Frameworks */,
				A642CAFA1EBA491A00BFD470 /* Resources */,
				7AF0F5C5F37ADD29A27BF91E /* [CP] Embed Pods Frameworks */,
				0547D88D1524C7A6470A4F71 /* [CP] Copy Pods Resources */,
			);
			buildRules = (
			);
			dependencies = (
			);
			name = CSGOConfigs;
			productName = CSGOConfigs;
			productReference = A642CAFC1EBA491B00BFD470 /* CSGOConfigs.app */;
			productType = "com.apple.product-type.application";
		};
		A642CB171EBA491B00BFD470 /* CSGOConfigsTests */ = {
			isa = PBXNativeTarget;
			buildConfigurationList = A642CB241EBA491B00BFD470 /* Build configuration list for PBXNativeTarget "CSGOConfigsTests" */;
			buildPhases = (
				A642CB141EBA491B00BFD470 /* Sources */,
				A642CB151EBA491B00BFD470 /* Frameworks */,
				A642CB161EBA491B00BFD470 /* Resources */,
			);
			buildRules = (
			);
			dependencies = (
				A642CB1A1EBA491B00BFD470 /* PBXTargetDependency */,
			);
			name = CSGOConfigsTests;
			productName = CSGOConfigsTests;
			productReference = A642CB181EBA491B00BFD470 /* CSGOConfigsTests.xctest */;
			productType = "com.apple.product-type.bundle.unit-test";
		};
/* End PBXNativeTarget section */

/* Begin PBXProject section */
		A642CAF41EBA491A00BFD470 /* Project object */ = {
			isa = PBXProject;
			attributes = {
				CLASSPREFIX = CC;
				LastUpgradeCheck = 0820;
				ORGANIZATIONNAME = "Oleg Petruchyk";
				TargetAttributes = {
					A642CAFB1EBA491A00BFD470 = {
						CreatedOnToolsVersion = 8.2.1;
						DevelopmentTeam = 4F885Z8V5T;
						ProvisioningStyle = Automatic;
					};
					A642CB171EBA491B00BFD470 = {
						CreatedOnToolsVersion = 8.2.1;
						DevelopmentTeam = 4F885Z8V5T;
						ProvisioningStyle = Automatic;
						TestTargetID = A642CAFB1EBA491A00BFD470;
					};
				};
			};
			buildConfigurationList = A642CAF71EBA491A00BFD470 /* Build configuration list for PBXProject "CSGOConfigs" */;
			compatibilityVersion = "Xcode 3.2";
			developmentRegion = English;
			hasScannedForEncodings = 0;
			knownRegions = (
				en,
				Base,
			);
			mainGroup = A642CAF31EBA491A00BFD470;
			productRefGroup = A642CAFD1EBA491B00BFD470 /* Products */;
			projectDirPath = "";
			projectRoot = "";
			targets = (
				A642CAFB1EBA491A00BFD470 /* CSGOConfigs */,
				A642CB171EBA491B00BFD470 /* CSGOConfigsTests */,
			);
		};
/* End PBXProject section */

/* Begin PBXResourcesBuildPhase section */
		A642CAFA1EBA491A00BFD470 /* Resources */ = {
			isa = PBXResourcesBuildPhase;
			buildActionMask = 2147483647;
			files = (
				A618AD0C1EBD0C3A00AF6E1D /* LaunchScreen.storyboard in Resources */,
				A642CB431EBA4C5100BFD470 /* Info.plist in Resources */,
				A642CB451EBA4C5100BFD470 /* Assets.xcassets in Resources */,
			);
			runOnlyForDeploymentPostprocessing = 0;
		};
		A642CB161EBA491B00BFD470 /* Resources */ = {
			isa = PBXResourcesBuildPhase;
			buildActionMask = 2147483647;
			files = (
			);
			runOnlyForDeploymentPostprocessing = 0;
		};
/* End PBXResourcesBuildPhase section */

/* Begin PBXShellScriptBuildPhase section */
		0547D88D1524C7A6470A4F71 /* [CP] Copy Pods Resources */ = {
			isa = PBXShellScriptBuildPhase;
			buildActionMask = 2147483647;
			files = (
			);
			inputPaths = (
			);
			name = "[CP] Copy Pods Resources";
			outputPaths = (
			);
			runOnlyForDeploymentPostprocessing = 0;
			shellPath = /bin/sh;
			shellScript = "\"${SRCROOT}/Pods/Target Support Files/Pods-CSGOConfigs/Pods-CSGOConfigs-resources.sh\"\n";
			showEnvVarsInLog = 0;
		};
		7AF0F5C5F37ADD29A27BF91E /* [CP] Embed Pods Frameworks */ = {
			isa = PBXShellScriptBuildPhase;
			buildActionMask = 2147483647;
			files = (
			);
			inputPaths = (
			);
			name = "[CP] Embed Pods Frameworks";
			outputPaths = (
			);
			runOnlyForDeploymentPostprocessing = 0;
			shellPath = /bin/sh;
			shellScript = "\"${SRCROOT}/Pods/Target Support Files/Pods-CSGOConfigs/Pods-CSGOConfigs-frameworks.sh\"\n";
			showEnvVarsInLog = 0;
		};
		DCE9116B47B4AC87A6FD479F /* [CP] Check Pods Manifest.lock */ = {
			isa = PBXShellScriptBuildPhase;
			buildActionMask = 2147483647;
			files = (
			);
			inputPaths = (
			);
			name = "[CP] Check Pods Manifest.lock";
			outputPaths = (
			);
			runOnlyForDeploymentPostprocessing = 0;
			shellPath = /bin/sh;
			shellScript = "diff \"${PODS_ROOT}/../Podfile.lock\" \"${PODS_ROOT}/Manifest.lock\" > /dev/null\nif [[ $? != 0 ]] ; then\n    cat << EOM\nerror: The sandbox is not in sync with the Podfile.lock. Run 'pod install' or update your CocoaPods installation.\nEOM\n    exit 1\nfi\n";
			showEnvVarsInLog = 0;
		};
/* End PBXShellScriptBuildPhase section */

/* Begin PBXSourcesBuildPhase section */
		A642CAF81EBA491A00BFD470 /* Sources */ = {
			isa = PBXSourcesBuildPhase;
			buildActionMask = 2147483647;
			files = (
				A618AD081EBD0C3A00AF6E1D /* AppDelegate.m in Sources */,
				A618AD0F1EBD0C3B00AF6E1D /* CCPlayersViewController.m in Sources */,
				A618AD0A1EBD0C3A00AF6E1D /* CSGOConfigs.xcdatamodeld in Sources */,
				A618AD0B1EBD0C3A00AF6E1D /* CCParentViewController.m in Sources */,
				A642CB441EBA4C5100BFD470 /* main.m in Sources */,
				A618AD091EBD0C3A00AF6E1D /* CCCoreDataService.m in Sources */,
				A618AD141EBD0C7D00AF6E1D /* CCSideMenuPresenter.m in Sources */,
				A618AD101EBD0C3B00AF6E1D /* CCSideMenuViewController.m in Sources */,
				A618AD181EBD0C9700AF6E1D /* CCSideMenuRouter.m in Sources */,
				A618AD0D1EBD0C3B00AF6E1D /* CCPlayersPresenter.m in Sources */,
				A618AD0E1EBD0C3B00AF6E1D /* CCPlayersRouter.m in Sources */,
			);
			runOnlyForDeploymentPostprocessing = 0;
		};
		A642CB141EBA491B00BFD470 /* Sources */ = {
			isa = PBXSourcesBuildPhase;
			buildActionMask = 2147483647;
			files = (
				A642CB1D1EBA491B00BFD470 /* CSGOConfigsTests.m in Sources */,
			);
			runOnlyForDeploymentPostprocessing = 0;
		};
/* End PBXSourcesBuildPhase section */

/* Begin PBXTargetDependency section */
		A642CB1A1EBA491B00BFD470 /* PBXTargetDependency */ = {
			isa = PBXTargetDependency;
			target = A642CAFB1EBA491A00BFD470 /* CSGOConfigs */;
			targetProxy = A642CB191EBA491B00BFD470 /* PBXContainerItemProxy */;
		};
/* End PBXTargetDependency section */

/* Begin XCBuildConfiguration section */
		A642CB1F1EBA491B00BFD470 /* Debug */ = {
			isa = XCBuildConfiguration;
			buildSettings = {
				ALWAYS_SEARCH_USER_PATHS = NO;
				CLANG_ANALYZER_NONNULL = YES;
				CLANG_CXX_LANGUAGE_STANDARD = "gnu++0x";
				CLANG_CXX_LIBRARY = "libc++";
				CLANG_ENABLE_MODULES = YES;
				CLANG_ENABLE_OBJC_ARC = YES;
				CLANG_WARN_BOOL_CONVERSION = YES;
				CLANG_WARN_CONSTANT_CONVERSION = YES;
				CLANG_WARN_DIRECT_OBJC_ISA_USAGE = YES_ERROR;
				CLANG_WARN_DOCUMENTATION_COMMENTS = YES;
				CLANG_WARN_EMPTY_BODY = YES;
				CLANG_WARN_ENUM_CONVERSION = YES;
				CLANG_WARN_INFINITE_RECURSION = YES;
				CLANG_WARN_INT_CONVERSION = YES;
				CLANG_WARN_OBJC_ROOT_CLASS = YES_ERROR;
				CLANG_WARN_SUSPICIOUS_MOVE = YES;
				CLANG_WARN_UNREACHABLE_CODE = YES;
				CLANG_WARN__DUPLICATE_METHOD_MATCH = YES;
				"CODE_SIGN_IDENTITY[sdk=iphoneos*]" = "iPhone Developer";
				COPY_PHASE_STRIP = NO;
				DEBUG_INFORMATION_FORMAT = dwarf;
				ENABLE_STRICT_OBJC_MSGSEND = YES;
				ENABLE_TESTABILITY = YES;
				GCC_C_LANGUAGE_STANDARD = gnu99;
				GCC_DYNAMIC_NO_PIC = NO;
				GCC_NO_COMMON_BLOCKS = YES;
				GCC_OPTIMIZATION_LEVEL = 0;
				GCC_PREPROCESSOR_DEFINITIONS = (
					"DEBUG=1",
					"$(inherited)",
				);
				GCC_WARN_64_TO_32_BIT_CONVERSION = YES;
				GCC_WARN_ABOUT_RETURN_TYPE = YES_ERROR;
				GCC_WARN_UNDECLARED_SELECTOR = YES;
				GCC_WARN_UNINITIALIZED_AUTOS = YES_AGGRESSIVE;
				GCC_WARN_UNUSED_FUNCTION = YES;
				GCC_WARN_UNUSED_VARIABLE = YES;
				IPHONEOS_DEPLOYMENT_TARGET = 10.2;
				MTL_ENABLE_DEBUG_INFO = YES;
				ONLY_ACTIVE_ARCH = YES;
				SDKROOT = iphoneos;
				TARGETED_DEVICE_FAMILY = "1,2";
			};
			name = Debug;
		};
		A642CB201EBA491B00BFD470 /* Release */ = {
			isa = XCBuildConfiguration;
			buildSettings = {
				ALWAYS_SEARCH_USER_PATHS = NO;
				CLANG_ANALYZER_NONNULL = YES;
				CLANG_CXX_LANGUAGE_STANDARD = "gnu++0x";
				CLANG_CXX_LIBRARY = "libc++";
				CLANG_ENABLE_MODULES = YES;
				CLANG_ENABLE_OBJC_ARC = YES;
				CLANG_WARN_BOOL_CONVERSION = YES;
				CLANG_WARN_CONSTANT_CONVERSION = YES;
				CLANG_WARN_DIRECT_OBJC_ISA_USAGE = YES_ERROR;
				CLANG_WARN_DOCUMENTATION_COMMENTS = YES;
				CLANG_WARN_EMPTY_BODY = YES;
				CLANG_WARN_ENUM_CONVERSION = YES;
				CLANG_WARN_INFINITE_RECURSION = YES;
				CLANG_WARN_INT_CONVERSION = YES;
				CLANG_WARN_OBJC_ROOT_CLASS = YES_ERROR;
				CLANG_WARN_SUSPICIOUS_MOVE = YES;
				CLANG_WARN_UNREACHABLE_CODE = YES;
				CLANG_WARN__DUPLICATE_METHOD_MATCH = YES;
				"CODE_SIGN_IDENTITY[sdk=iphoneos*]" = "iPhone Developer";
				COPY_PHASE_STRIP = NO;
				DEBUG_INFORMATION_FORMAT = "dwarf-with-dsym";
				ENABLE_NS_ASSERTIONS = NO;
				ENABLE_STRICT_OBJC_MSGSEND = YES;
				GCC_C_LANGUAGE_STANDARD = gnu99;
				GCC_NO_COMMON_BLOCKS = YES;
				GCC_WARN_64_TO_32_BIT_CONVERSION = YES;
				GCC_WARN_ABOUT_RETURN_TYPE = YES_ERROR;
				GCC_WARN_UNDECLARED_SELECTOR = YES;
				GCC_WARN_UNINITIALIZED_AUTOS = YES_AGGRESSIVE;
				GCC_WARN_UNUSED_FUNCTION = YES;
				GCC_WARN_UNUSED_VARIABLE = YES;
				IPHONEOS_DEPLOYMENT_TARGET = 10.2;
				MTL_ENABLE_DEBUG_INFO = NO;
				SDKROOT = iphoneos;
				TARGETED_DEVICE_FAMILY = "1,2";
				VALIDATE_PRODUCT = YES;
			};
			name = Release;
		};
		A642CB221EBA491B00BFD470 /* Debug */ = {
			isa = XCBuildConfiguration;
			baseConfigurationReference = 80CC47E941882B41B55784CE /* Pods-CSGOConfigs.debug.xcconfig */;
			buildSettings = {
				ASSETCATALOG_COMPILER_APPICON_NAME = AppIcon;
				DEVELOPMENT_TEAM = 4F885Z8V5T;
				INFOPLIST_FILE = "$(SRCROOT)/CSGOConfigs/Supporting Files/Info.plist";
				IPHONEOS_DEPLOYMENT_TARGET = 9.0;
				LD_RUNPATH_SEARCH_PATHS = "$(inherited) @executable_path/Frameworks";
				PRODUCT_BUNDLE_IDENTIFIER = "Oleh-Petrychuk.CSGOConfigs";
				PRODUCT_NAME = "$(TARGET_NAME)";
				TARGETED_DEVICE_FAMILY = 1;
			};
			name = Debug;
		};
		A642CB231EBA491B00BFD470 /* Release */ = {
			isa = XCBuildConfiguration;
			baseConfigurationReference = 2DECB3A2F0C8EE77851075B8 /* Pods-CSGOConfigs.release.xcconfig */;
			buildSettings = {
				ASSETCATALOG_COMPILER_APPICON_NAME = AppIcon;
				DEVELOPMENT_TEAM = 4F885Z8V5T;
				INFOPLIST_FILE = "$(SRCROOT)/CSGOConfigs/Supporting Files/Info.plist";
				IPHONEOS_DEPLOYMENT_TARGET = 9.0;
				LD_RUNPATH_SEARCH_PATHS = "$(inherited) @executable_path/Frameworks";
				PRODUCT_BUNDLE_IDENTIFIER = "Oleh-Petrychuk.CSGOConfigs";
				PRODUCT_NAME = "$(TARGET_NAME)";
				TARGETED_DEVICE_FAMILY = 1;
			};
			name = Release;
		};
		A642CB251EBA491B00BFD470 /* Debug */ = {
			isa = XCBuildConfiguration;
			buildSettings = {
				BUNDLE_LOADER = "$(TEST_HOST)";
				DEVELOPMENT_TEAM = 4F885Z8V5T;
				INFOPLIST_FILE = CSGOConfigsTests/Info.plist;
				LD_RUNPATH_SEARCH_PATHS = "$(inherited) @executable_path/Frameworks @loader_path/Frameworks";
				PRODUCT_BUNDLE_IDENTIFIER = "Oleh-Petrychuk.CSGOConfigsTests";
				PRODUCT_NAME = "$(TARGET_NAME)";
				TEST_HOST = "$(BUILT_PRODUCTS_DIR)/CSGOConfigs.app/CSGOConfigs";
			};
			name = Debug;
		};
		A642CB261EBA491B00BFD470 /* Release */ = {
			isa = XCBuildConfiguration;
			buildSettings = {
				BUNDLE_LOADER = "$(TEST_HOST)";
				DEVELOPMENT_TEAM = 4F885Z8V5T;
				INFOPLIST_FILE = CSGOConfigsTests/Info.plist;
				LD_RUNPATH_SEARCH_PATHS = "$(inherited) @executable_path/Frameworks @loader_path/Frameworks";
				PRODUCT_BUNDLE_IDENTIFIER = "Oleh-Petrychuk.CSGOConfigsTests";
				PRODUCT_NAME = "$(TARGET_NAME)";
				TEST_HOST = "$(BUILT_PRODUCTS_DIR)/CSGOConfigs.app/CSGOConfigs";
			};
			name = Release;
		};
/* End XCBuildConfiguration section */

/* Begin XCConfigurationList section */
		A642CAF71EBA491A00BFD470 /* Build configuration list for PBXProject "CSGOConfigs" */ = {
			isa = XCConfigurationList;
			buildConfigurations = (
				A642CB1F1EBA491B00BFD470 /* Debug */,
				A642CB201EBA491B00BFD470 /* Release */,
			);
			defaultConfigurationIsVisible = 0;
			defaultConfigurationName = Release;
		};
		A642CB211EBA491B00BFD470 /* Build configuration list for PBXNativeTarget "CSGOConfigs" */ = {
			isa = XCConfigurationList;
			buildConfigurations = (
				A642CB221EBA491B00BFD470 /* Debug */,
				A642CB231EBA491B00BFD470 /* Release */,
			);
			defaultConfigurationIsVisible = 0;
			defaultConfigurationName = Release;
		};
		A642CB241EBA491B00BFD470 /* Build configuration list for PBXNativeTarget "CSGOConfigsTests" */ = {
			isa = XCConfigurationList;
			buildConfigurations = (
				A642CB251EBA491B00BFD470 /* Debug */,
				A642CB261EBA491B00BFD470 /* Release */,
			);
			defaultConfigurationIsVisible = 0;
			defaultConfigurationName = Release;
		};
/* End XCConfigurationList section */

/* Begin XCVersionGroup section */
		A618ACE91EBD0C3A00AF6E1D /* CSGOConfigs.xcdatamodeld */ = {
			isa = XCVersionGroup;
			children = (
				A618ACEA1EBD0C3A00AF6E1D /* CSGOConfigs.xcdatamodel */,
			);
			currentVersion = A618ACEA1EBD0C3A00AF6E1D /* CSGOConfigs.xcdatamodel */;
			path = CSGOConfigs.xcdatamodeld;
			sourceTree = "<group>";
			versionGroupType = wrapper.xcdatamodel;
		};
/* End XCVersionGroup section */
	};
	rootObject = A642CAF41EBA491A00BFD470 /* Project object */;
}
