// !$*UTF8*$!
{
	archiveVersion = 1;
	classes = {
	};
	objectVersion = 46;
	objects = {

/* Begin PBXBuildFile section */
		404948A75EF559A68F9349F0 /* libPods-CSGOConfigs.a in Frameworks */ = {isa = PBXBuildFile; fileRef = CB5EC4207C582A5EB77824E1 /* libPods-CSGOConfigs.a */; };
		A642CB1D1EBA491B00BFD470 /* CSGOConfigsTests.m in Sources */ = {isa = PBXBuildFile; fileRef = A642CB1C1EBA491B00BFD470 /* CSGOConfigsTests.m */; };
		A642CB401EBA4C5100BFD470 /* AppDelegate.m in Sources */ = {isa = PBXBuildFile; fileRef = A642CB2B1EBA4C5100BFD470 /* AppDelegate.m */; };
		A642CB411EBA4C5100BFD470 /* CSGOConfigs.xcdatamodeld in Sources */ = {isa = PBXBuildFile; fileRef = A642CB301EBA4C5100BFD470 /* CSGOConfigs.xcdatamodeld */; };
		A642CB421EBA4C5100BFD470 /* LaunchScreen.storyboard in Resources */ = {isa = PBXBuildFile; fileRef = A642CB391EBA4C5100BFD470 /* LaunchScreen.storyboard */; };
		A642CB431EBA4C5100BFD470 /* Info.plist in Resources */ = {isa = PBXBuildFile; fileRef = A642CB3B1EBA4C5100BFD470 /* Info.plist */; };
		A642CB441EBA4C5100BFD470 /* main.m in Sources */ = {isa = PBXBuildFile; fileRef = A642CB3C1EBA4C5100BFD470 /* main.m */; };
		A642CB451EBA4C5100BFD470 /* Assets.xcassets in Resources */ = {isa = PBXBuildFile; fileRef = A642CB3F1EBA4C5100BFD470 /* Assets.xcassets */; };
/* End PBXBuildFile section */

/* Begin PBXContainerItemProxy section */
		A642CB191EBA491B00BFD470 /* PBXContainerItemProxy */ = {
			isa = PBXContainerItemProxy;
			containerPortal = A642CAF41EBA491A00BFD470 /* Project object */;
			proxyType = 1;
			remoteGlobalIDString = A642CAFB1EBA491A00BFD470;
			remoteInfo = CSGOConfigs;
		};
/* End PBXContainerItemProxy section */

/* Begin PBXFileReference section */
		2DECB3A2F0C8EE77851075B8 /* Pods-CSGOConfigs.release.xcconfig */ = {isa = PBXFileReference; includeInIndex = 1; lastKnownFileType = text.xcconfig; name = "Pods-CSGOConfigs.release.xcconfig"; path = "Pods/Target Support Files/Pods-CSGOConfigs/Pods-CSGOConfigs.release.xcconfig"; sourceTree = "<group>"; };
		80CC47E941882B41B55784CE /* Pods-CSGOConfigs.debug.xcconfig */ = {isa = PBXFileReference; includeInIndex = 1; lastKnownFileType = text.xcconfig; name = "Pods-CSGOConfigs.debug.xcconfig"; path = "Pods/Target Support Files/Pods-CSGOConfigs/Pods-CSGOConfigs.debug.xcconfig"; sourceTree = "<group>"; };
		A642CAFC1EBA491B00BFD470 /* CSGOConfigs.app */ = {isa = PBXFileReference; explicitFileType = wrapper.application; includeInIndex = 0; path = CSGOConfigs.app; sourceTree = BUILT_PRODUCTS_DIR; };
		A642CB181EBA491B00BFD470 /* CSGOConfigsTests.xctest */ = {isa = PBXFileReference; explicitFileType = wrapper.cfbundle; includeInIndex = 0; path = CSGOConfigsTests.xctest; sourceTree = BUILT_PRODUCTS_DIR; };
		A642CB1C1EBA491B00BFD470 /* CSGOConfigsTests.m */ = {isa = PBXFileReference; lastKnownFileType = sourcecode.c.objc; path = CSGOConfigsTests.m; sourceTree = "<group>"; };
		A642CB1E1EBA491B00BFD470 /* Info.plist */ = {isa = PBXFileReference; lastKnownFileType = text.plist.xml; path = Info.plist; sourceTree = "<group>"; };
		A642CB2A1EBA4C5100BFD470 /* AppDelegate.h */ = {isa = PBXFileReference; fileEncoding = 4; lastKnownFileType = sourcecode.c.h; path = AppDelegate.h; sourceTree = "<group>"; };
		A642CB2B1EBA4C5100BFD470 /* AppDelegate.m */ = {isa = PBXFileReference; fileEncoding = 4; lastKnownFileType = sourcecode.c.objc; path = AppDelegate.m; sourceTree = "<group>"; };
		A642CB311EBA4C5100BFD470 /* CSGOConfigs.xcdatamodel */ = {isa = PBXFileReference; lastKnownFileType = wrapper.xcdatamodel; path = CSGOConfigs.xcdatamodel; sourceTree = "<group>"; };
		A642CB391EBA4C5100BFD470 /* LaunchScreen.storyboard */ = {isa = PBXFileReference; fileEncoding = 4; lastKnownFileType = file.storyboard; path = LaunchScreen.storyboard; sourceTree = "<group>"; };
		A642CB3B1EBA4C5100BFD470 /* Info.plist */ = {isa = PBXFileReference; fileEncoding = 4; lastKnownFileType = text.plist.xml; path = Info.plist; sourceTree = "<group>"; };
		A642CB3C1EBA4C5100BFD470 /* main.m */ = {isa = PBXFileReference; fileEncoding = 4; lastKnownFileType = sourcecode.c.objc; path = main.m; sourceTree = "<group>"; };
		A642CB3F1EBA4C5100BFD470 /* Assets.xcassets */ = {isa = PBXFileReference; lastKnownFileType = folder.assetcatalog; path = Assets.xcassets; sourceTree = "<group>"; };
		CB5EC4207C582A5EB77824E1 /* libPods-CSGOConfigs.a */ = {isa = PBXFileReference; explicitFileType = archive.ar; includeInIndex = 0; path = "libPods-CSGOConfigs.a"; sourceTree = BUILT_PRODUCTS_DIR; };
/* End PBXFileReference section */

/* Begin PBXFrameworksBuildPhase section */
		A642CAF91EBA491A00BFD470 /* Frameworks */ = {
			isa = PBXFrameworksBuildPhase;
			buildActionMask = 2147483647;
			files = (
				404948A75EF559A68F9349F0 /* libPods-CSGOConfigs.a in Frameworks */,
			);
			runOnlyForDeploymentPostprocessing = 0;
		};
		A642CB151EBA491B00BFD470 /* Frameworks */ = {
			isa = PBXFrameworksBuildPhase;
			buildActionMask = 2147483647;
			files = (
			);
			runOnlyForDeploymentPostprocessing = 0;
		};
/* End PBXFrameworksBuildPhase section */

/* Begin PBXGroup section */
		02A51A97A93019F653C26F0B /* Pods */ = {
			isa = PBXGroup;
			children = (
				80CC47E941882B41B55784CE /* Pods-CSGOConfigs.debug.xcconfig */,
				2DECB3A2F0C8EE77851075B8 /* Pods-CSGOConfigs.release.xcconfig */,
			);
			name = Pods;
			sourceTree = "<group>";
		};
		A642CAF31EBA491A00BFD470 = {
			isa = PBXGroup;
			children = (
				A642CB271EBA4C5100BFD470 /* CSGOConfigs */,
				A642CB1B1EBA491B00BFD470 /* CSGOConfigsTests */,
				A642CAFD1EBA491B00BFD470 /* Products */,
				02A51A97A93019F653C26F0B /* Pods */,
				ACEA3C65C96204B66BE1FB59 /* Frameworks */,
			);
			sourceTree = "<group>";
		};
		A642CAFD1EBA491B00BFD470 /* Products */ = {
			isa = PBXGroup;
			children = (
				A642CAFC1EBA491B00BFD470 /* CSGOConfigs.app */,
				A642CB181EBA491B00BFD470 /* CSGOConfigsTests.xctest */,
			);
			name = Products;
			sourceTree = "<group>";
		};
		A642CB1B1EBA491B00BFD470 /* CSGOConfigsTests */ = {
			isa = PBXGroup;
			children = (
				A642CB1C1EBA491B00BFD470 /* CSGOConfigsTests.m */,
				A642CB1E1EBA491B00BFD470 /* Info.plist */,
			);
			path = CSGOConfigsTests;
			sourceTree = "<group>";
		};
		A642CB271EBA4C5100BFD470 /* CSGOConfigs */ = {
			isa = PBXGroup;
			children = (
				A642CB281EBA4C5100BFD470 /* Sources */,
				A642CB3A1EBA4C5100BFD470 /* Supporting Files */,
			);
			path = CSGOConfigs;
			sourceTree = "<group>";
		};
		A642CB281EBA4C5100BFD470 /* Sources */ = {
			isa = PBXGroup;
			children = (
				A642CB291EBA4C5100BFD470 /* AppDelegate */,
				A642CB2C1EBA4C5100BFD470 /* Categories */,
				A642CB2D1EBA4C5100BFD470 /* Core */,
				A642CB321EBA4C5100BFD470 /* Libaries */,
				A642CB331EBA4C5100BFD470 /* VIPER Modules */,
			);
			path = Sources;
			sourceTree = "<group>";
		};
		A642CB291EBA4C5100BFD470 /* AppDelegate */ = {
			isa = PBXGroup;
			children = (
				A642CB2A1EBA4C5100BFD470 /* AppDelegate.h */,
				A642CB2B1EBA4C5100BFD470 /* AppDelegate.m */,
			);
			path = AppDelegate;
			sourceTree = "<group>";
		};
		A642CB2C1EBA4C5100BFD470 /* Categories */ = {
			isa = PBXGroup;
			children = (
			);
			path = Categories;
			sourceTree = "<group>";
		};
		A642CB2D1EBA4C5100BFD470 /* Core */ = {
			isa = PBXGroup;
			children = (
				A642CB2E1EBA4C5100BFD470 /* Services */,
			);
			path = Core;
			sourceTree = "<group>";
		};
		A642CB2E1EBA4C5100BFD470 /* Services */ = {
			isa = PBXGroup;
			children = (
				A642CB2F1EBA4C5100BFD470 /* CoreDataService */,
			);
			path = Services;
			sourceTree = "<group>";
		};
		A642CB2F1EBA4C5100BFD470 /* CoreDataService */ = {
			isa = PBXGroup;
			children = (
				A642CB301EBA4C5100BFD470 /* CSGOConfigs.xcdatamodeld */,
			);
			path = CoreDataService;
			sourceTree = "<group>";
		};
		A642CB321EBA4C5100BFD470 /* Libaries */ = {
			isa = PBXGroup;
			children = (
			);
			path = Libaries;
			sourceTree = "<group>";
		};
		A642CB331EBA4C5100BFD470 /* VIPER Modules */ = {
			isa = PBXGroup;
			children = (
				A642CB341EBA4C5100BFD470 /* Entitys */,
				A642CB351EBA4C5100BFD470 /* Interactors */,
				A642CB361EBA4C5100BFD470 /* Presenters */,
				A642CB371EBA4C5100BFD470 /* Routers */,
				A642CB381EBA4C5100BFD470 /* Views */,
			);
			path = "VIPER Modules";
			sourceTree = "<group>";
		};
		A642CB341EBA4C5100BFD470 /* Entitys */ = {
			isa = PBXGroup;
			children = (
			);
			path = Entitys;
			sourceTree = "<group>";
		};
		A642CB351EBA4C5100BFD470 /* Interactors */ = {
			isa = PBXGroup;
			children = (
			);
			path = Interactors;
			sourceTree = "<group>";
		};
		A642CB361EBA4C5100BFD470 /* Presenters */ = {
			isa = PBXGroup;
			children = (
			);
			path = Presenters;
			sourceTree = "<group>";
		};
		A642CB371EBA4C5100BFD470 /* Routers */ = {
			isa = PBXGroup;
			children = (
			);
			path = Routers;
			sourceTree = "<group>";
		};
		A642CB381EBA4C5100BFD470 /* Views */ = {
			isa = PBXGroup;
			children = (
				A642CB391EBA4C5100BFD470 /* LaunchScreen.storyboard */,
			);
			path = Views;
			sourceTree = "<group>";
		};
		A642CB3A1EBA4C5100BFD470 /* Supporting Files */ = {
			isa = PBXGroup;
			children = (
				A642CB3B1EBA4C5100BFD470 /* Info.plist */,
				A642CB3C1EBA4C5100BFD470 /* main.m */,
				A642CB3D1EBA4C5100BFD470 /* Resources */,
			);
			path = "Supporting Files";
			sourceTree = "<group>";
		};
		A642CB3D1EBA4C5100BFD470 /* Resources */ = {
			isa = PBXGroup;
			children = (
				A642CB3E1EBA4C5100BFD470 /* Images */,
			);
			path = Resources;
			sourceTree = "<group>";
		};
		A642CB3E1EBA4C5100BFD470 /* Images */ = {
			isa = PBXGroup;
			children = (
				A642CB3F1EBA4C5100BFD470 /* Assets.xcassets */,
			);
			path = Images;
			sourceTree = "<group>";
		};
		ACEA3C65C96204B66BE1FB59 /* Frameworks */ = {
			isa = PBXGroup;
			children = (
				CB5EC4207C582A5EB77824E1 /* libPods-CSGOConfigs.a */,
			);
			name = Frameworks;
			sourceTree = "<group>";
		};
/* End PBXGroup section */

/* Begin PBXNativeTarget section */
		A642CAFB1EBA491A00BFD470 /* CSGOConfigs */ = {
			isa = PBXNativeTarget;
			buildConfigurationList = A642CB211EBA491B00BFD470 /* Build configuration list for PBXNativeTarget "CSGOConfigs" */;
			buildPhases = (
				DCE9116B47B4AC87A6FD479F /* [CP] Check Pods Manifest.lock */,
				A642CAF81EBA491A00BFD470 /* Sources */,
				A642CAF91EBA491A00BFD470 /* Frameworks */,
				A642CAFA1EBA491A00BFD470 /* Resources */,
				7AF0F5C5F37ADD29A27BF91E /* [CP] Embed Pods Frameworks */,
				0547D88D1524C7A6470A4F71 /* [CP] Copy Pods Resources */,
			);
			buildRules = (
			);
			dependencies = (
			);
			name = CSGOConfigs;
			productName = CSGOConfigs;
			productReference = A642CAFC1EBA491B00BFD470 /* CSGOConfigs.app */;
			productType = "com.apple.product-type.application";
		};
		A642CB171EBA491B00BFD470 /* CSGOConfigsTests */ = {
			isa = PBXNativeTarget;
			buildConfigurationList = A642CB241EBA491B00BFD470 /* Build configuration list for PBXNativeTarget "CSGOConfigsTests" */;
			buildPhases = (
				A642CB141EBA491B00BFD470 /* Sources */,
				A642CB151EBA491B00BFD470 /* Frameworks */,
				A642CB161EBA491B00BFD470 /* Resources */,
			);
			buildRules = (
			);
			dependencies = (
				A642CB1A1EBA491B00BFD470 /* PBXTargetDependency */,
			);
			name = CSGOConfigsTests;
			productName = CSGOConfigsTests;
			productReference = A642CB181EBA491B00BFD470 /* CSGOConfigsTests.xctest */;
			productType = "com.apple.product-type.bundle.unit-test";
		};
/* End PBXNativeTarget section */

/* Begin PBXProject section */
		A642CAF41EBA491A00BFD470 /* Project object */ = {
			isa = PBXProject;
			attributes = {
				CLASSPREFIX = CC;
				LastUpgradeCheck = 0820;
				ORGANIZATIONNAME = "Oleg Petruchyk";
				TargetAttributes = {
					A642CAFB1EBA491A00BFD470 = {
						CreatedOnToolsVersion = 8.2.1;
						DevelopmentTeam = 4F885Z8V5T;
						ProvisioningStyle = Automatic;
					};
					A642CB171EBA491B00BFD470 = {
						CreatedOnToolsVersion = 8.2.1;
						DevelopmentTeam = 4F885Z8V5T;
						ProvisioningStyle = Automatic;
						TestTargetID = A642CAFB1EBA491A00BFD470;
					};
				};
			};
			buildConfigurationList = A642CAF71EBA491A00BFD470 /* Build configuration list for PBXProject "CSGOConfigs" */;
			compatibilityVersion = "Xcode 3.2";
			developmentRegion = English;
			hasScannedForEncodings = 0;
			knownRegions = (
				en,
				Base,
			);
			mainGroup = A642CAF31EBA491A00BFD470;
			productRefGroup = A642CAFD1EBA491B00BFD470 /* Products */;
			projectDirPath = "";
			projectRoot = "";
			targets = (
				A642CAFB1EBA491A00BFD470 /* CSGOConfigs */,
				A642CB171EBA491B00BFD470 /* CSGOConfigsTests */,
			);
		};
/* End PBXProject section */

/* Begin PBXResourcesBuildPhase section */
		A642CAFA1EBA491A00BFD470 /* Resources */ = {
			isa = PBXResourcesBuildPhase;
			buildActionMask = 2147483647;
			files = (
				A642CB431EBA4C5100BFD470 /* Info.plist in Resources */,
				A642CB451EBA4C5100BFD470 /* Assets.xcassets in Resources */,
				A642CB421EBA4C5100BFD470 /* LaunchScreen.storyboard in Resources */,
			);
			runOnlyForDeploymentPostprocessing = 0;
		};
		A642CB161EBA491B00BFD470 /* Resources */ = {
			isa = PBXResourcesBuildPhase;
			buildActionMask = 2147483647;
			files = (
			);
			runOnlyForDeploymentPostprocessing = 0;
		};
/* End PBXResourcesBuildPhase section */

/* Begin PBXShellScriptBuildPhase section */
		0547D88D1524C7A6470A4F71 /* [CP] Copy Pods Resources */ = {
			isa = PBXShellScriptBuildPhase;
			buildActionMask = 2147483647;
			files = (
			);
			inputPaths = (
			);
			name = "[CP] Copy Pods Resources";
			outputPaths = (
			);
			runOnlyForDeploymentPostprocessing = 0;
			shellPath = /bin/sh;
			shellScript = "\"${SRCROOT}/Pods/Target Support Files/Pods-CSGOConfigs/Pods-CSGOConfigs-resources.sh\"\n";
			showEnvVarsInLog = 0;
		};
		7AF0F5C5F37ADD29A27BF91E /* [CP] Embed Pods Frameworks */ = {
			isa = PBXShellScriptBuildPhase;
			buildActionMask = 2147483647;
			files = (
			);
			inputPaths = (
			);
			name = "[CP] Embed Pods Frameworks";
			outputPaths = (
			);
			runOnlyForDeploymentPostprocessing = 0;
			shellPath = /bin/sh;
			shellScript = "\"${SRCROOT}/Pods/Target Support Files/Pods-CSGOConfigs/Pods-CSGOConfigs-frameworks.sh\"\n";
			showEnvVarsInLog = 0;
		};
		DCE9116B47B4AC87A6FD479F /* [CP] Check Pods Manifest.lock */ = {
			isa = PBXShellScriptBuildPhase;
			buildActionMask = 2147483647;
			files = (
			);
			inputPaths = (
			);
			name = "[CP] Check Pods Manifest.lock";
			outputPaths = (
			);
			runOnlyForDeploymentPostprocessing = 0;
			shellPath = /bin/sh;
			shellScript = "diff \"${PODS_ROOT}/../Podfile.lock\" \"${PODS_ROOT}/Manifest.lock\" > /dev/null\nif [[ $? != 0 ]] ; then\n    cat << EOM\nerror: The sandbox is not in sync with the Podfile.lock. Run 'pod install' or update your CocoaPods installation.\nEOM\n    exit 1\nfi\n";
			showEnvVarsInLog = 0;
		};
/* End PBXShellScriptBuildPhase section */

/* Begin PBXSourcesBuildPhase section */
		A642CAF81EBA491A00BFD470 /* Sources */ = {
			isa = PBXSourcesBuildPhase;
			buildActionMask = 2147483647;
			files = (
				A642CB401EBA4C5100BFD470 /* AppDelegate.m in Sources */,
				A642CB441EBA4C5100BFD470 /* main.m in Sources */,
				A642CB411EBA4C5100BFD470 /* CSGOConfigs.xcdatamodeld in Sources */,
			);
			runOnlyForDeploymentPostprocessing = 0;
		};
		A642CB141EBA491B00BFD470 /* Sources */ = {
			isa = PBXSourcesBuildPhase;
			buildActionMask = 2147483647;
			files = (
				A642CB1D1EBA491B00BFD470 /* CSGOConfigsTests.m in Sources */,
			);
			runOnlyForDeploymentPostprocessing = 0;
		};
/* End PBXSourcesBuildPhase section */

/* Begin PBXTargetDependency section */
		A642CB1A1EBA491B00BFD470 /* PBXTargetDependency */ = {
			isa = PBXTargetDependency;
			target = A642CAFB1EBA491A00BFD470 /* CSGOConfigs */;
			targetProxy = A642CB191EBA491B00BFD470 /* PBXContainerItemProxy */;
		};
/* End PBXTargetDependency section */

/* Begin XCBuildConfiguration section */
		A642CB1F1EBA491B00BFD470 /* Debug */ = {
			isa = XCBuildConfiguration;
			buildSettings = {
				ALWAYS_SEARCH_USER_PATHS = NO;
				CLANG_ANALYZER_NONNULL = YES;
				CLANG_CXX_LANGUAGE_STANDARD = "gnu++0x";
				CLANG_CXX_LIBRARY = "libc++";
				CLANG_ENABLE_MODULES = YES;
				CLANG_ENABLE_OBJC_ARC = YES;
				CLANG_WARN_BOOL_CONVERSION = YES;
				CLANG_WARN_CONSTANT_CONVERSION = YES;
				CLANG_WARN_DIRECT_OBJC_ISA_USAGE = YES_ERROR;
				CLANG_WARN_DOCUMENTATION_COMMENTS = YES;
				CLANG_WARN_EMPTY_BODY = YES;
				CLANG_WARN_ENUM_CONVERSION = YES;
				CLANG_WARN_INFINITE_RECURSION = YES;
				CLANG_WARN_INT_CONVERSION = YES;
				CLANG_WARN_OBJC_ROOT_CLASS = YES_ERROR;
				CLANG_WARN_SUSPICIOUS_MOVE = YES;
				CLANG_WARN_UNREACHABLE_CODE = YES;
				CLANG_WARN__DUPLICATE_METHOD_MATCH = YES;
				"CODE_SIGN_IDENTITY[sdk=iphoneos*]" = "iPhone Developer";
				COPY_PHASE_STRIP = NO;
				DEBUG_INFORMATION_FORMAT = dwarf;
				ENABLE_STRICT_OBJC_MSGSEND = YES;
				ENABLE_TESTABILITY = YES;
				GCC_C_LANGUAGE_STANDARD = gnu99;
				GCC_DYNAMIC_NO_PIC = NO;
				GCC_NO_COMMON_BLOCKS = YES;
				GCC_OPTIMIZATION_LEVEL = 0;
				GCC_PREPROCESSOR_DEFINITIONS = (
					"DEBUG=1",
					"$(inherited)",
				);
				GCC_WARN_64_TO_32_BIT_CONVERSION = YES;
				GCC_WARN_ABOUT_RETURN_TYPE = YES_ERROR;
				GCC_WARN_UNDECLARED_SELECTOR = YES;
				GCC_WARN_UNINITIALIZED_AUTOS = YES_AGGRESSIVE;
				GCC_WARN_UNUSED_FUNCTION = YES;
				GCC_WARN_UNUSED_VARIABLE = YES;
				IPHONEOS_DEPLOYMENT_TARGET = 10.2;
				MTL_ENABLE_DEBUG_INFO = YES;
				ONLY_ACTIVE_ARCH = YES;
				SDKROOT = iphoneos;
				TARGETED_DEVICE_FAMILY = "1,2";
			};
			name = Debug;
		};
		A642CB201EBA491B00BFD470 /* Release */ = {
			isa = XCBuildConfiguration;
			buildSettings = {
				ALWAYS_SEARCH_USER_PATHS = NO;
				CLANG_ANALYZER_NONNULL = YES;
				CLANG_CXX_LANGUAGE_STANDARD = "gnu++0x";
				CLANG_CXX_LIBRARY = "libc++";
				CLANG_ENABLE_MODULES = YES;
				CLANG_ENABLE_OBJC_ARC = YES;
				CLANG_WARN_BOOL_CONVERSION = YES;
				CLANG_WARN_CONSTANT_CONVERSION = YES;
				CLANG_WARN_DIRECT_OBJC_ISA_USAGE = YES_ERROR;
				CLANG_WARN_DOCUMENTATION_COMMENTS = YES;
				CLANG_WARN_EMPTY_BODY = YES;
				CLANG_WARN_ENUM_CONVERSION = YES;
				CLANG_WARN_INFINITE_RECURSION = YES;
				CLANG_WARN_INT_CONVERSION = YES;
				CLANG_WARN_OBJC_ROOT_CLASS = YES_ERROR;
				CLANG_WARN_SUSPICIOUS_MOVE = YES;
				CLANG_WARN_UNREACHABLE_CODE = YES;
				CLANG_WARN__DUPLICATE_METHOD_MATCH = YES;
				"CODE_SIGN_IDENTITY[sdk=iphoneos*]" = "iPhone Developer";
				COPY_PHASE_STRIP = NO;
				DEBUG_INFORMATION_FORMAT = "dwarf-with-dsym";
				ENABLE_NS_ASSERTIONS = NO;
				ENABLE_STRICT_OBJC_MSGSEND = YES;
				GCC_C_LANGUAGE_STANDARD = gnu99;
				GCC_NO_COMMON_BLOCKS = YES;
				GCC_WARN_64_TO_32_BIT_CONVERSION = YES;
				GCC_WARN_ABOUT_RETURN_TYPE = YES_ERROR;
				GCC_WARN_UNDECLARED_SELECTOR = YES;
				GCC_WARN_UNINITIALIZED_AUTOS = YES_AGGRESSIVE;
				GCC_WARN_UNUSED_FUNCTION = YES;
				GCC_WARN_UNUSED_VARIABLE = YES;
				IPHONEOS_DEPLOYMENT_TARGET = 10.2;
				MTL_ENABLE_DEBUG_INFO = NO;
				SDKROOT = iphoneos;
				TARGETED_DEVICE_FAMILY = "1,2";
				VALIDATE_PRODUCT = YES;
			};
			name = Release;
		};
		A642CB221EBA491B00BFD470 /* Debug */ = {
			isa = XCBuildConfiguration;
			baseConfigurationReference = 80CC47E941882B41B55784CE /* Pods-CSGOConfigs.debug.xcconfig */;
			buildSettings = {
				ASSETCATALOG_COMPILER_APPICON_NAME = AppIcon;
				DEVELOPMENT_TEAM = 4F885Z8V5T;
				INFOPLIST_FILE = "$(SRCROOT)/CSGOConfigs/Supporting Files/Info.plist";
				IPHONEOS_DEPLOYMENT_TARGET = 9.0;
				LD_RUNPATH_SEARCH_PATHS = "$(inherited) @executable_path/Frameworks";
				PRODUCT_BUNDLE_IDENTIFIER = "Oleh-Petrychuk.CSGOConfigs";
				PRODUCT_NAME = "$(TARGET_NAME)";
				TARGETED_DEVICE_FAMILY = 1;
			};
			name = Debug;
		};
		A642CB231EBA491B00BFD470 /* Release */ = {
			isa = XCBuildConfiguration;
			baseConfigurationReference = 2DECB3A2F0C8EE77851075B8 /* Pods-CSGOConfigs.release.xcconfig */;
			buildSettings = {
				ASSETCATALOG_COMPILER_APPICON_NAME = AppIcon;
				DEVELOPMENT_TEAM = 4F885Z8V5T;
				INFOPLIST_FILE = "$(SRCROOT)/CSGOConfigs/Supporting Files/Info.plist";
				IPHONEOS_DEPLOYMENT_TARGET = 9.0;
				LD_RUNPATH_SEARCH_PATHS = "$(inherited) @executable_path/Frameworks";
				PRODUCT_BUNDLE_IDENTIFIER = "Oleh-Petrychuk.CSGOConfigs";
				PRODUCT_NAME = "$(TARGET_NAME)";
				TARGETED_DEVICE_FAMILY = 1;
			};
			name = Release;
		};
		A642CB251EBA491B00BFD470 /* Debug */ = {
			isa = XCBuildConfiguration;
			buildSettings = {
				BUNDLE_LOADER = "$(TEST_HOST)";
				DEVELOPMENT_TEAM = 4F885Z8V5T;
				INFOPLIST_FILE = CSGOConfigsTests/Info.plist;
				LD_RUNPATH_SEARCH_PATHS = "$(inherited) @executable_path/Frameworks @loader_path/Frameworks";
				PRODUCT_BUNDLE_IDENTIFIER = "Oleh-Petrychuk.CSGOConfigsTests";
				PRODUCT_NAME = "$(TARGET_NAME)";
				TEST_HOST = "$(BUILT_PRODUCTS_DIR)/CSGOConfigs.app/CSGOConfigs";
			};
			name = Debug;
		};
		A642CB261EBA491B00BFD470 /* Release */ = {
			isa = XCBuildConfiguration;
			buildSettings = {
				BUNDLE_LOADER = "$(TEST_HOST)";
				DEVELOPMENT_TEAM = 4F885Z8V5T;
				INFOPLIST_FILE = CSGOConfigsTests/Info.plist;
				LD_RUNPATH_SEARCH_PATHS = "$(inherited) @executable_path/Frameworks @loader_path/Frameworks";
				PRODUCT_BUNDLE_IDENTIFIER = "Oleh-Petrychuk.CSGOConfigsTests";
				PRODUCT_NAME = "$(TARGET_NAME)";
				TEST_HOST = "$(BUILT_PRODUCTS_DIR)/CSGOConfigs.app/CSGOConfigs";
			};
			name = Release;
		};
/* End XCBuildConfiguration section */

/* Begin XCConfigurationList section */
		A642CAF71EBA491A00BFD470 /* Build configuration list for PBXProject "CSGOConfigs" */ = {
			isa = XCConfigurationList;
			buildConfigurations = (
				A642CB1F1EBA491B00BFD470 /* Debug */,
				A642CB201EBA491B00BFD470 /* Release */,
			);
			defaultConfigurationIsVisible = 0;
			defaultConfigurationName = Release;
		};
		A642CB211EBA491B00BFD470 /* Build configuration list for PBXNativeTarget "CSGOConfigs" */ = {
			isa = XCConfigurationList;
			buildConfigurations = (
				A642CB221EBA491B00BFD470 /* Debug */,
				A642CB231EBA491B00BFD470 /* Release */,
			);
			defaultConfigurationIsVisible = 0;
			defaultConfigurationName = Release;
		};
		A642CB241EBA491B00BFD470 /* Build configuration list for PBXNativeTarget "CSGOConfigsTests" */ = {
			isa = XCConfigurationList;
			buildConfigurations = (
				A642CB251EBA491B00BFD470 /* Debug */,
				A642CB261EBA491B00BFD470 /* Release */,
			);
			defaultConfigurationIsVisible = 0;
			defaultConfigurationName = Release;
		};
/* End XCConfigurationList section */

/* Begin XCVersionGroup section */
		A642CB301EBA4C5100BFD470 /* CSGOConfigs.xcdatamodeld */ = {
			isa = XCVersionGroup;
			children = (
				A642CB311EBA4C5100BFD470 /* CSGOConfigs.xcdatamodel */,
			);
			currentVersion = A642CB311EBA4C5100BFD470 /* CSGOConfigs.xcdatamodel */;
			path = CSGOConfigs.xcdatamodeld;
			sourceTree = "<group>";
			versionGroupType = wrapper.xcdatamodel;
		};
/* End XCVersionGroup section */
	};
	rootObject = A642CAF41EBA491A00BFD470 /* Project object */;
}
